
Microsoft Visual Studio Solution File, Format Version 12.00
Project("{FAE04EC0-301F-11D3-BF4B-00C04F79EFBC}") = "LibPureCoolLink.Net", "LibPureCoolLink.Net\LibPureCoolLink.Net.csproj", "{9064679C-0D1C-47F6-82F8-33F4A10EA8EF}"
EndProject
Project("{FAE04EC0-301F-11D3-BF4B-00C04F79EFBC}") = "LibPureCoolLink.Tests", "LibPureCoolLink.Tests\LibPureCoolLink.Tests.csproj", "{E1B793B1-86E5-4980-AA02-67A71536C294}"
EndProject
Global
	GlobalSection(SolutionConfigurationPlatforms) = preSolution
		Debug|Any CPU = Debug|Any CPU
		Release|Any CPU = Release|Any CPU
	EndGlobalSection
	GlobalSection(ProjectConfigurationPlatforms) = postSolution
		{9064679C-0D1C-47F6-82F8-33F4A10EA8EF}.Debug|Any CPU.ActiveCfg = Debug|Any CPU
		{9064679C-0D1C-47F6-82F8-33F4A10EA8EF}.Debug|Any CPU.Build.0 = Debug|Any CPU
		{9064679C-0D1C-47F6-82F8-33F4A10EA8EF}.Release|Any CPU.ActiveCfg = Release|Any CPU
		{9064679C-0D1C-47F6-82F8-33F4A10EA8EF}.Release|Any CPU.Build.0 = Release|Any CPU
		{E1B793B1-86E5-4980-AA02-67A71536C294}.Debug|Any CPU.ActiveCfg = Debug|Any CPU
		{E1B793B1-86E5-4980-AA02-67A71536C294}.Debug|Any CPU.Build.0 = Debug|Any CPU
		{E1B793B1-86E5-4980-AA02-67A71536C294}.Release|Any CPU.ActiveCfg = Release|Any CPU
		{E1B793B1-86E5-4980-AA02-67A71536C294}.Release|Any CPU.Build.0 = Release|Any CPU
	EndGlobalSection
EndGlobal
